
Microsoft Visual Studio Solution File, Format Version 12.00
# Visual Studio 2013
VisualStudioVersion = 12.0.21005.1
MinimumVisualStudioVersion = 10.0.40219.1
Project("{FAE04EC0-301F-11D3-BF4B-00C04F79EFBC}") = "ServerSite", "WebApplication5\ServerSite.csproj", "{3C2FF756-3211-4F4A-9BFC-A8C11DE51E2D}"
EndProject
Project("{FAE04EC0-301F-11D3-BF4B-00C04F79EFBC}") = "WpfClient", "WpfApplication1\WpfClient.csproj", "{CEEF2153-F8DD-4E48-BCF6-2B5F5863C1CB}"
EndProject
Global
	GlobalSection(SolutionConfigurationPlatforms) = preSolution
		Debug|Any CPU = Debug|Any CPU
		Release|Any CPU = Release|Any CPU
	EndGlobalSection
	GlobalSection(ProjectConfigurationPlatforms) = postSolution
		{3C2FF756-3211-4F4A-9BFC-A8C11DE51E2D}.Debug|Any CPU.ActiveCfg = Debug|Any CPU
		{3C2FF756-3211-4F4A-9BFC-A8C11DE51E2D}.Debug|Any CPU.Build.0 = Debug|Any CPU
		{3C2FF756-3211-4F4A-9BFC-A8C11DE51E2D}.Release|Any CPU.ActiveCfg = Release|Any CPU
		{3C2FF756-3211-4F4A-9BFC-A8C11DE51E2D}.Release|Any CPU.Build.0 = Release|Any CPU
		{CEEF2153-F8DD-4E48-BCF6-2B5F5863C1CB}.Debug|Any CPU.ActiveCfg = Debug|Any CPU
		{CEEF2153-F8DD-4E48-BCF6-2B5F5863C1CB}.Debug|Any CPU.Build.0 = Debug|Any CPU
		{CEEF2153-F8DD-4E48-BCF6-2B5F5863C1CB}.Release|Any CPU.ActiveCfg = Release|Any CPU
		{CEEF2153-F8DD-4E48-BCF6-2B5F5863C1CB}.Release|Any CPU.Build.0 = Release|Any CPU
	EndGlobalSection
	GlobalSection(SolutionProperties) = preSolution
		HideSolutionNode = FALSE
	EndGlobalSection
EndGlobal
